<?xml version="1.0" encoding="utf-8"?>
<Project ToolsVersion="4.0" xmlns="http://schemas.microsoft.com/developer/msbuild/2003">
  <ItemGroup>
    <Filter Include="소스 파일">
      <UniqueIdentifier>{4FC737F1-C7A5-4376-A066-2A32D752A2FF}</UniqueIdentifier>
      <Extensions>cpp;c;cc;cxx;c++;cppm;ixx;def;odl;idl;hpj;bat;asm;asmx</Extensions>
    </Filter>
    <Filter Include="헤더 파일">
      <UniqueIdentifier>{93995380-89BD-4b04-88EB-625FBE52EBFB}</UniqueIdentifier>
      <Extensions>h;hh;hpp;hxx;h++;hm;inl;inc;ipp;xsd</Extensions>
    </Filter>
    <Filter Include="리소스 파일">
      <UniqueIdentifier>{67DA6AB6-F800-4c08-8B7A-83BB121AAD01}</UniqueIdentifier>
      <Extensions>rc;ico;cur;bmp;dlg;rc2;rct;bin;rgs;gif;jpg;jpeg;jpe;resx;tiff;tif;png;wav;mfcribbon-ms</Extensions>
    </Filter>
    <Filter Include="소스 파일\Main">
      <UniqueIdentifier>{97db4a42-3f28-4444-9966-db6c7ba7e4a0}</UniqueIdentifier>
    </Filter>
    <Filter Include="소스 파일\Managers">
      <UniqueIdentifier>{454f475a-105b-47c5-b20d-3b4f41416f44}</UniqueIdentifier>
    </Filter>
    <Filter Include="헤더 파일\Managers">
      <UniqueIdentifier>{b770ef9b-80c2-4b39-861c-572b22431d4b}</UniqueIdentifier>
    </Filter>
    <Filter Include="소스 파일\Objects">
      <UniqueIdentifier>{4525d097-5e57-4a84-901d-f0c5735f8831}</UniqueIdentifier>
    </Filter>
    <Filter Include="헤더 파일\Objects">
      <UniqueIdentifier>{75a74e71-2d2b-4b25-b5c2-c68772492ae1}</UniqueIdentifier>
    </Filter>
    <Filter Include="헤더 파일\Main">
      <UniqueIdentifier>{013edf3f-705a-490a-b57a-a39d606c5e47}</UniqueIdentifier>
    </Filter>
  </ItemGroup>
  <ItemGroup>
    <ClCompile Include="Managers\playerManager.cpp">
      <Filter>소스 파일\Managers</Filter>
    </ClCompile>
    <ClCompile Include="Objects\player.cpp">
      <Filter>소스 파일\Objects</Filter>
    </ClCompile>
    <ClCompile Include="Main\CppToyProjectServer.cpp">
      <Filter>소스 파일\Main</Filter>
    </ClCompile>
    <ClCompile Include="Managers\communicationManager.cpp">
      <Filter>소스 파일\Managers</Filter>
    </ClCompile>
    <ClCompile Include="Managers\threadManager.cpp">
      <Filter>소스 파일\Managers</Filter>
    </ClCompile>
    <ClCompile Include="Main\gameFramework.cpp">
      <Filter>소스 파일\Main</Filter>
    </ClCompile>
  </ItemGroup>
  <ItemGroup>
    <ClInclude Include="Managers\playerManager.h">
      <Filter>헤더 파일\Managers</Filter>
    </ClInclude>
    <ClInclude Include="Objects\player.h">
      <Filter>헤더 파일\Objects</Filter>
    </ClInclude>
    <ClInclude Include="Main\headers.h">
      <Filter>헤더 파일\Main</Filter>
    </ClInclude>
    <ClInclude Include="Managers\communicationManager.h">
      <Filter>헤더 파일\Managers</Filter>
    </ClInclude>
    <ClInclude Include="Managers\threadManager.h">
      <Filter>헤더 파일\Managers</Filter>
    </ClInclude>
    <ClInclude Include="Main\gameFramework.h">
      <Filter>헤더 파일\Main</Filter>
    </ClInclude>
  </ItemGroup>
</Project>